// !$*UTF8*$!
{
	archiveVersion = 1;
	classes = {
	};
	objectVersion = 48;
	objects = {

/* Begin PBXBuildFile section */
		9852E3C51FB98B460036C0DE /* TeamClass.swift in Sources */ = {isa = PBXBuildFile; fileRef = 9852E3C41FB98B460036C0DE /* TeamClass.swift */; };
		9868366D1FB354D800ECBDC2 /* Presentation.swift in Sources */ = {isa = PBXBuildFile; fileRef = 9868366B1FB354D700ECBDC2 /* Presentation.swift */; };
		986836701FB355E800ECBDC2 /* TeamRedBlueNameVC.swift in Sources */ = {isa = PBXBuildFile; fileRef = 9868366F1FB355E800ECBDC2 /* TeamRedBlueNameVC.swift */; };
		98D3C10E1FB058A3006C6D4A /* AppDelegate.swift in Sources */ = {isa = PBXBuildFile; fileRef = 98D3C10D1FB058A3006C6D4A /* AppDelegate.swift */; };
		98D3C1131FB058A3006C6D4A /* Main.storyboard in Resources */ = {isa = PBXBuildFile; fileRef = 98D3C1111FB058A3006C6D4A /* Main.storyboard */; };
		98D3C1151FB058A3006C6D4A /* Assets.xcassets in Resources */ = {isa = PBXBuildFile; fileRef = 98D3C1141FB058A3006C6D4A /* Assets.xcassets */; };
		98D3C1181FB058A3006C6D4A /* LaunchScreen.storyboard in Resources */ = {isa = PBXBuildFile; fileRef = 98D3C1161FB058A3006C6D4A /* LaunchScreen.storyboard */; };
		98D3C1231FB05941006C6D4A /* GameConstants.swift in Sources */ = {isa = PBXBuildFile; fileRef = 98D3C1201FB05941006C6D4A /* GameConstants.swift */; };
		98D3C1241FB05941006C6D4A /* GameManager.swift in Sources */ = {isa = PBXBuildFile; fileRef = 98D3C1211FB05941006C6D4A /* GameManager.swift */; };
		98D3C1251FB05941006C6D4A /* HeroClass.swift in Sources */ = {isa = PBXBuildFile; fileRef = 98D3C1221FB05941006C6D4A /* HeroClass.swift */; };
		98E4E8661FD7FC8400D95F87 /* EndViewController.swift in Sources */ = {isa = PBXBuildFile; fileRef = 98E4E8651FD7FC8400D95F87 /* EndViewController.swift */; };
		ED0FED9D1FB89D9E00CA8228 /* ChoiceHero.swift in Sources */ = {isa = PBXBuildFile; fileRef = ED0FED9C1FB89D9E00CA8228 /* ChoiceHero.swift */; };
		ED1155581FBB5C0C00F2D180 /* BeginPartyVC.swift in Sources */ = {isa = PBXBuildFile; fileRef = ED1155571FBB5C0C00F2D180 /* BeginPartyVC.swift */; };
/* End PBXBuildFile section */

/* Begin PBXFileReference section */
		9852E3C41FB98B460036C0DE /* TeamClass.swift */ = {isa = PBXFileReference; lastKnownFileType = sourcecode.swift; path = TeamClass.swift; sourceTree = "<group>"; };
		9868366B1FB354D700ECBDC2 /* Presentation.swift */ = {isa = PBXFileReference; fileEncoding = 4; lastKnownFileType = sourcecode.swift; path = Presentation.swift; sourceTree = "<group>"; };
		9868366F1FB355E800ECBDC2 /* TeamRedBlueNameVC.swift */ = {isa = PBXFileReference; lastKnownFileType = sourcecode.swift; path = TeamRedBlueNameVC.swift; sourceTree = "<group>"; };
		98D3C10A1FB058A2006C6D4A /* FirstProjectH.app */ = {isa = PBXFileReference; explicitFileType = wrapper.application; includeInIndex = 0; path = FirstProjectH.app; sourceTree = BUILT_PRODUCTS_DIR; };
		98D3C10D1FB058A3006C6D4A /* AppDelegate.swift */ = {isa = PBXFileReference; lastKnownFileType = sourcecode.swift; path = AppDelegate.swift; sourceTree = "<group>"; };
		98D3C1121FB058A3006C6D4A /* Base */ = {isa = PBXFileReference; lastKnownFileType = file.storyboard; name = Base; path = Base.lproj/Main.storyboard; sourceTree = "<group>"; };
		98D3C1141FB058A3006C6D4A /* Assets.xcassets */ = {isa = PBXFileReference; lastKnownFileType = folder.assetcatalog; path = Assets.xcassets; sourceTree = "<group>"; };
		98D3C1171FB058A3006C6D4A /* Base */ = {isa = PBXFileReference; lastKnownFileType = file.storyboard; name = Base; path = Base.lproj/LaunchScreen.storyboard; sourceTree = "<group>"; };
		98D3C1191FB058A3006C6D4A /* Info.plist */ = {isa = PBXFileReference; lastKnownFileType = text.plist.xml; path = Info.plist; sourceTree = "<group>"; };
		98D3C1201FB05941006C6D4A /* GameConstants.swift */ = {isa = PBXFileReference; fileEncoding = 4; lastKnownFileType = sourcecode.swift; path = GameConstants.swift; sourceTree = "<group>"; };
		98D3C1211FB05941006C6D4A /* GameManager.swift */ = {isa = PBXFileReference; fileEncoding = 4; lastKnownFileType = sourcecode.swift; path = GameManager.swift; sourceTree = "<group>"; };
		98D3C1221FB05941006C6D4A /* HeroClass.swift */ = {isa = PBXFileReference; fileEncoding = 4; lastKnownFileType = sourcecode.swift; path = HeroClass.swift; sourceTree = "<group>"; };
		98E4E8651FD7FC8400D95F87 /* EndViewController.swift */ = {isa = PBXFileReference; lastKnownFileType = sourcecode.swift; path = EndViewController.swift; sourceTree = "<group>"; };
		ED0FED9C1FB89D9E00CA8228 /* ChoiceHero.swift */ = {isa = PBXFileReference; fileEncoding = 4; lastKnownFileType = sourcecode.swift; path = ChoiceHero.swift; sourceTree = "<group>"; };
		ED1155571FBB5C0C00F2D180 /* BeginPartyVC.swift */ = {isa = PBXFileReference; lastKnownFileType = sourcecode.swift; path = BeginPartyVC.swift; sourceTree = "<group>"; };
/* End PBXFileReference section */

/* Begin PBXFrameworksBuildPhase section */
		98D3C1071FB058A2006C6D4A /* Frameworks */ = {
			isa = PBXFrameworksBuildPhase;
			buildActionMask = 2147483647;
			files = (
			);
			runOnlyForDeploymentPostprocessing = 0;
		};
/* End PBXFrameworksBuildPhase section */

/* Begin PBXGroup section */
		98D3C1011FB058A2006C6D4A = {
			isa = PBXGroup;
			children = (
				98D3C10C1FB058A2006C6D4A /* FirstProjectH */,
				98D3C10B1FB058A2006C6D4A /* Products */,
			);
			sourceTree = "<group>";
		};
		98D3C10B1FB058A2006C6D4A /* Products */ = {
			isa = PBXGroup;
			children = (
				98D3C10A1FB058A2006C6D4A /* FirstProjectH.app */,
			);
			name = Products;
			sourceTree = "<group>";
		};
		98D3C10C1FB058A2006C6D4A /* FirstProjectH */ = {
			isa = PBXGroup;
			children = (
				98D3C10D1FB058A3006C6D4A /* AppDelegate.swift */,
				98D3C1141FB058A3006C6D4A /* Assets.xcassets */,
				98D3C1161FB058A3006C6D4A /* LaunchScreen.storyboard */,
				98D3C1191FB058A3006C6D4A /* Info.plist */,
				98D3C1111FB058A3006C6D4A /* Main.storyboard */,
				98D3C1261FB05946006C6D4A /* Game */,
				ED3B20FA1FB5CD32006BDBB9 /* ViewController */,
			);
			path = FirstProjectH;
			sourceTree = "<group>";
		};
		98D3C1261FB05946006C6D4A /* Game */ = {
			isa = PBXGroup;
			children = (
				98D3C1201FB05941006C6D4A /* GameConstants.swift */,
				98D3C1211FB05941006C6D4A /* GameManager.swift */,
				98D3C1221FB05941006C6D4A /* HeroClass.swift */,
				9852E3C41FB98B460036C0DE /* TeamClass.swift */,
			);
			path = Game;
			sourceTree = "<group>";
		};
		ED3B20FA1FB5CD32006BDBB9 /* ViewController */ = {
			isa = PBXGroup;
			children = (
				9868366B1FB354D700ECBDC2 /* Presentation.swift */,
				9868366F1FB355E800ECBDC2 /* TeamRedBlueNameVC.swift */,
				ED0FED9C1FB89D9E00CA8228 /* ChoiceHero.swift */,
				ED1155571FBB5C0C00F2D180 /* BeginPartyVC.swift */,
				98E4E8651FD7FC8400D95F87 /* EndViewController.swift */,
			);
			path = ViewController;
			sourceTree = "<group>";
		};
/* End PBXGroup section */

/* Begin PBXNativeTarget section */
		98D3C1091FB058A2006C6D4A /* FirstProjectH */ = {
			isa = PBXNativeTarget;
			buildConfigurationList = 98D3C11C1FB058A3006C6D4A /* Build configuration list for PBXNativeTarget "FirstProjectH" */;
			buildPhases = (
				98D3C1061FB058A2006C6D4A /* Sources */,
				98D3C1071FB058A2006C6D4A /* Frameworks */,
				98D3C1081FB058A2006C6D4A /* Resources */,
			);
			buildRules = (
			);
			dependencies = (
			);
			name = FirstProjectH;
			productName = FirstProjectH;
			productReference = 98D3C10A1FB058A2006C6D4A /* FirstProjectH.app */;
			productType = "com.apple.product-type.application";
		};
/* End PBXNativeTarget section */

/* Begin PBXProject section */
		98D3C1021FB058A2006C6D4A /* Project object */ = {
			isa = PBXProject;
			attributes = {
				LastSwiftUpdateCheck = 0900;
				LastUpgradeCheck = 0930;
				ORGANIZATIONNAME = "Kevin Bravo";
				TargetAttributes = {
					98D3C1091FB058A2006C6D4A = {
						CreatedOnToolsVersion = 9.0.1;
						ProvisioningStyle = Automatic;
					};
				};
			};
			buildConfigurationList = 98D3C1051FB058A2006C6D4A /* Build configuration list for PBXProject "FirstProjectH" */;
			compatibilityVersion = "Xcode 8.0";
			developmentRegion = en;
			hasScannedForEncodings = 0;
			knownRegions = (
				en,
				Base,
			);
			mainGroup = 98D3C1011FB058A2006C6D4A;
			productRefGroup = 98D3C10B1FB058A2006C6D4A /* Products */;
			projectDirPath = "";
			projectRoot = "";
			targets = (
				98D3C1091FB058A2006C6D4A /* FirstProjectH */,
			);
		};
/* End PBXProject section */

/* Begin PBXResourcesBuildPhase section */
		98D3C1081FB058A2006C6D4A /* Resources */ = {
			isa = PBXResourcesBuildPhase;
			buildActionMask = 2147483647;
			files = (
				98D3C1181FB058A3006C6D4A /* LaunchScreen.storyboard in Resources */,
				98D3C1151FB058A3006C6D4A /* Assets.xcassets in Resources */,
				98D3C1131FB058A3006C6D4A /* Main.storyboard in Resources */,
			);
			runOnlyForDeploymentPostprocessing = 0;
		};
/* End PBXResourcesBuildPhase section */

/* Begin PBXSourcesBuildPhase section */
		98D3C1061FB058A2006C6D4A /* Sources */ = {
			isa = PBXSourcesBuildPhase;
			buildActionMask = 2147483647;
			files = (
				98D3C1231FB05941006C6D4A /* GameConstants.swift in Sources */,
				9868366D1FB354D800ECBDC2 /* Presentation.swift in Sources */,
				98D3C1251FB05941006C6D4A /* HeroClass.swift in Sources */,
				ED0FED9D1FB89D9E00CA8228 /* ChoiceHero.swift in Sources */,
				98D3C1241FB05941006C6D4A /* GameManager.swift in Sources */,
				986836701FB355E800ECBDC2 /* TeamRedBlueNameVC.swift in Sources */,
				98E4E8661FD7FC8400D95F87 /* EndViewController.swift in Sources */,
				98D3C10E1FB058A3006C6D4A /* AppDelegate.swift in Sources */,
				ED1155581FBB5C0C00F2D180 /* BeginPartyVC.swift in Sources */,
				9852E3C51FB98B460036C0DE /* TeamClass.swift in Sources */,
			);
			runOnlyForDeploymentPostprocessing = 0;
		};
/* End PBXSourcesBuildPhase section */

/* Begin PBXVariantGroup section */
		98D3C1111FB058A3006C6D4A /* Main.storyboard */ = {
			isa = PBXVariantGroup;
			children = (
				98D3C1121FB058A3006C6D4A /* Base */,
			);
			name = Main.storyboard;
			sourceTree = "<group>";
		};
		98D3C1161FB058A3006C6D4A /* LaunchScreen.storyboard */ = {
			isa = PBXVariantGroup;
			children = (
				98D3C1171FB058A3006C6D4A /* Base */,
			);
			name = LaunchScreen.storyboard;
			sourceTree = "<group>";
		};
/* End PBXVariantGroup section */

/* Begin XCBuildConfiguration section */
		98D3C11A1FB058A3006C6D4A /* Debug */ = {
			isa = XCBuildConfiguration;
			buildSettings = {
				ALWAYS_SEARCH_USER_PATHS = NO;
				CLANG_ANALYZER_NONNULL = YES;
				CLANG_ANALYZER_NUMBER_OBJECT_CONVERSION = YES_AGGRESSIVE;
				CLANG_CXX_LANGUAGE_STANDARD = "gnu++14";
				CLANG_CXX_LIBRARY = "libc++";
				CLANG_ENABLE_MODULES = YES;
				CLANG_ENABLE_OBJC_ARC = YES;
				CLANG_WARN_BLOCK_CAPTURE_AUTORELEASING = YES;
				CLANG_WARN_BOOL_CONVERSION = YES;
				CLANG_WARN_COMMA = YES;
				CLANG_WARN_CONSTANT_CONVERSION = YES;
				CLANG_WARN_DEPRECATED_OBJC_IMPLEMENTATIONS = YES;
				CLANG_WARN_DIRECT_OBJC_ISA_USAGE = YES_ERROR;
				CLANG_WARN_DOCUMENTATION_COMMENTS = YES;
				CLANG_WARN_EMPTY_BODY = YES;
				CLANG_WARN_ENUM_CONVERSION = YES;
				CLANG_WARN_INFINITE_RECURSION = YES;
				CLANG_WARN_INT_CONVERSION = YES;
				CLANG_WARN_NON_LITERAL_NULL_CONVERSION = YES;
				CLANG_WARN_OBJC_IMPLICIT_RETAIN_SELF = YES;
				CLANG_WARN_OBJC_LITERAL_CONVERSION = YES;
				CLANG_WARN_OBJC_ROOT_CLASS = YES_ERROR;
				CLANG_WARN_RANGE_LOOP_ANALYSIS = YES;
				CLANG_WARN_STRICT_PROTOTYPES = YES;
				CLANG_WARN_SUSPICIOUS_MOVE = YES;
				CLANG_WARN_UNGUARDED_AVAILABILITY = YES_AGGRESSIVE;
				CLANG_WARN_UNREACHABLE_CODE = YES;
				CLANG_WARN__DUPLICATE_METHOD_MATCH = YES;
				CODE_SIGN_IDENTITY = "iPhone Developer";
				COPY_PHASE_STRIP = NO;
				DEBUG_INFORMATION_FORMAT = dwarf;
				ENABLE_STRICT_OBJC_MSGSEND = YES;
				ENABLE_TESTABILITY = YES;
				GCC_C_LANGUAGE_STANDARD = gnu11;
				GCC_DYNAMIC_NO_PIC = NO;
				GCC_NO_COMMON_BLOCKS = YES;
				GCC_OPTIMIZATION_LEVEL = 0;
				GCC_PREPROCESSOR_DEFINITIONS = (
					"DEBUG=1",
					"$(inherited)",
				);
				GCC_WARN_64_TO_32_BIT_CONVERSION = YES;
				GCC_WARN_ABOUT_RETURN_TYPE = YES_ERROR;
				GCC_WARN_UNDECLARED_SELECTOR = YES;
				GCC_WARN_UNINITIALIZED_AUTOS = YES_AGGRESSIVE;
				GCC_WARN_UNUSED_FUNCTION = YES;
				GCC_WARN_UNUSED_VARIABLE = YES;
				IPHONEOS_DEPLOYMENT_TARGET = 11.0;
				MTL_ENABLE_DEBUG_INFO = YES;
				ONLY_ACTIVE_ARCH = YES;
				SDKROOT = iphoneos;
				SWIFT_ACTIVE_COMPILATION_CONDITIONS = DEBUG;
				SWIFT_OPTIMIZATION_LEVEL = "-Onone";
			};
			name = Debug;
		};
		98D3C11B1FB058A3006C6D4A /* Release */ = {
			isa = XCBuildConfiguration;
			buildSettings = {
				ALWAYS_SEARCH_USER_PATHS = NO;
				CLANG_ANALYZER_NONNULL = YES;
				CLANG_ANALYZER_NUMBER_OBJECT_CONVERSION = YES_AGGRESSIVE;
				CLANG_CXX_LANGUAGE_STANDARD = "gnu++14";
				CLANG_CXX_LIBRARY = "libc++";
				CLANG_ENABLE_MODULES = YES;
				CLANG_ENABLE_OBJC_ARC = YES;
				CLANG_WARN_BLOCK_CAPTURE_AUTORELEASING = YES;
				CLANG_WARN_BOOL_CONVERSION = YES;
				CLANG_WARN_COMMA = YES;
				CLANG_WARN_CONSTANT_CONVERSION = YES;
				CLANG_WARN_DEPRECATED_OBJC_IMPLEMENTATIONS = YES;
				CLANG_WARN_DIRECT_OBJC_ISA_USAGE = YES_ERROR;
				CLANG_WARN_DOCUMENTATION_COMMENTS = YES;
				CLANG_WARN_EMPTY_BODY = YES;
				CLANG_WARN_ENUM_CONVERSION = YES;
				CLANG_WARN_INFINITE_RECURSION = YES;
				CLANG_WARN_INT_CONVERSION = YES;
				CLANG_WARN_NON_LITERAL_NULL_CONVERSION = YES;
				CLANG_WARN_OBJC_IMPLICIT_RETAIN_SELF = YES;
				CLANG_WARN_OBJC_LITERAL_CONVERSION = YES;
				CLANG_WARN_OBJC_ROOT_CLASS = YES_ERROR;
				CLANG_WARN_RANGE_LOOP_ANALYSIS = YES;
				CLANG_WARN_STRICT_PROTOTYPES = YES;
				CLANG_WARN_SUSPICIOUS_MOVE = YES;
				CLANG_WARN_UNGUARDED_AVAILABILITY = YES_AGGRESSIVE;
				CLANG_WARN_UNREACHABLE_CODE = YES;
				CLANG_WARN__DUPLICATE_METHOD_MATCH = YES;
				CODE_SIGN_IDENTITY = "iPhone Developer";
				COPY_PHASE_STRIP = NO;
				DEBUG_INFORMATION_FORMAT = "dwarf-with-dsym";
				ENABLE_NS_ASSERTIONS = NO;
				ENABLE_STRICT_OBJC_MSGSEND = YES;
				GCC_C_LANGUAGE_STANDARD = gnu11;
				GCC_NO_COMMON_BLOCKS = YES;
				GCC_WARN_64_TO_32_BIT_CONVERSION = YES;
				GCC_WARN_ABOUT_RETURN_TYPE = YES_ERROR;
				GCC_WARN_UNDECLARED_SELECTOR = YES;
				GCC_WARN_UNINITIALIZED_AUTOS = YES_AGGRESSIVE;
				GCC_WARN_UNUSED_FUNCTION = YES;
				GCC_WARN_UNUSED_VARIABLE = YES;
				IPHONEOS_DEPLOYMENT_TARGET = 11.0;
				MTL_ENABLE_DEBUG_INFO = NO;
				SDKROOT = iphoneos;
				SWIFT_OPTIMIZATION_LEVEL = "-Owholemodule";
				VALIDATE_PRODUCT = YES;
			};
			name = Release;
		};
		98D3C11D1FB058A3006C6D4A /* Debug */ = {
			isa = XCBuildConfiguration;
			buildSettings = {
				ASSETCATALOG_COMPILER_APPICON_NAME = AppIcon;
				CODE_SIGN_STYLE = Automatic;
				DEVELOPMENT_TEAM = 9647944DQ6;
				INFOPLIST_FILE = FirstProjectH/Info.plist;
				LD_RUNPATH_SEARCH_PATHS = "$(inherited) @executable_path/Frameworks";
				PRODUCT_BUNDLE_IDENTIFIER = com.kevinbravo.FirstProjectH;
				PRODUCT_NAME = "$(TARGET_NAME)";
				SWIFT_VERSION = 4.0;
				TARGETED_DEVICE_FAMILY = "1,2";
			};
			name = Debug;
		};
		98D3C11E1FB058A3006C6D4A /* Release */ = {
			isa = XCBuildConfiguration;
			buildSettings = {
				ASSETCATALOG_COMPILER_APPICON_NAME = AppIcon;
				CODE_SIGN_STYLE = Automatic;
				DEVELOPMENT_TEAM = 9647944DQ6;
				INFOPLIST_FILE = FirstProjectH/Info.plist;
				LD_RUNPATH_SEARCH_PATHS = "$(inherited) @executable_path/Frameworks";
				PRODUCT_BUNDLE_IDENTIFIER = com.kevinbravo.FirstProjectH;
				PRODUCT_NAME = "$(TARGET_NAME)";
				SWIFT_VERSION = 4.0;
				TARGETED_DEVICE_FAMILY = "1,2";
			};
			name = Release;
		};
/* End XCBuildConfiguration section */

/* Begin XCConfigurationList section */
		98D3C1051FB058A2006C6D4A /* Build configuration list for PBXProject "FirstProjectH" */ = {
			isa = XCConfigurationList;
			buildConfigurations = (
				98D3C11A1FB058A3006C6D4A /* Debug */,
				98D3C11B1FB058A3006C6D4A /* Release */,
			);
			defaultConfigurationIsVisible = 0;
			defaultConfigurationName = Release;
		};
		98D3C11C1FB058A3006C6D4A /* Build configuration list for PBXNativeTarget "FirstProjectH" */ = {
			isa = XCConfigurationList;
			buildConfigurations = (
				98D3C11D1FB058A3006C6D4A /* Debug */,
				98D3C11E1FB058A3006C6D4A /* Release */,
			);
			defaultConfigurationIsVisible = 0;
			defaultConfigurationName = Release;
		};
/* End XCConfigurationList section */
	};
	rootObject = 98D3C1021FB058A2006C6D4A /* Project object */;
}
